
Microsoft Visual Studio Solution File, Format Version 12.00
# Visual Studio Version 17
VisualStudioVersion = 17.3.32922.545
MinimumVisualStudioVersion = 10.0.40219.1
Project("{FAE04EC0-301F-11D3-BF4B-00C04F79EFBC}") = "Single Responsibility Principle", "Single Responsibility Principle\Single Responsibility Principle.csproj", "{535C07FA-6737-4047-80D8-F7C263AEB992}"
EndProject
Global
	GlobalSection(SolutionConfigurationPlatforms) = preSolution
		Debug|Any CPU = Debug|Any CPU
		Release|Any CPU = Release|Any CPU
	EndGlobalSection
	GlobalSection(ProjectConfigurationPlatforms) = postSolution
		{535C07FA-6737-4047-80D8-F7C263AEB992}.Debug|Any CPU.ActiveCfg = Debug|Any CPU
		{535C07FA-6737-4047-80D8-F7C263AEB992}.Debug|Any CPU.Build.0 = Debug|Any CPU
		{535C07FA-6737-4047-80D8-F7C263AEB992}.Release|Any CPU.ActiveCfg = Release|Any CPU
		{535C07FA-6737-4047-80D8-F7C263AEB992}.Release|Any CPU.Build.0 = Release|Any CPU
	EndGlobalSection
	GlobalSection(SolutionProperties) = preSolution
		HideSolutionNode = FALSE
	EndGlobalSection
	GlobalSection(ExtensibilityGlobals) = postSolution
		SolutionGuid = {58597939-B579-49E0-878D-10498E9F92E0}
	EndGlobalSection
EndGlobal
