
Microsoft Visual Studio Solution File, Format Version 12.00
# Visual Studio Version 17
VisualStudioVersion = 17.3.32922.545
MinimumVisualStudioVersion = 10.0.40219.1
Project("{FAE04EC0-301F-11D3-BF4B-00C04F79EFBC}") = "Interface Segregation Principle", "Interface Segregation Principle\Interface Segregation Principle.csproj", "{36EB5EA3-BCAA-47D2-B3C7-B3113097A065}"
EndProject
Global
	GlobalSection(SolutionConfigurationPlatforms) = preSolution
		Debug|Any CPU = Debug|Any CPU
		Release|Any CPU = Release|Any CPU
	EndGlobalSection
	GlobalSection(ProjectConfigurationPlatforms) = postSolution
		{36EB5EA3-BCAA-47D2-B3C7-B3113097A065}.Debug|Any CPU.ActiveCfg = Debug|Any CPU
		{36EB5EA3-BCAA-47D2-B3C7-B3113097A065}.Debug|Any CPU.Build.0 = Debug|Any CPU
		{36EB5EA3-BCAA-47D2-B3C7-B3113097A065}.Release|Any CPU.ActiveCfg = Release|Any CPU
		{36EB5EA3-BCAA-47D2-B3C7-B3113097A065}.Release|Any CPU.Build.0 = Release|Any CPU
	EndGlobalSection
	GlobalSection(SolutionProperties) = preSolution
		HideSolutionNode = FALSE
	EndGlobalSection
	GlobalSection(ExtensibilityGlobals) = postSolution
		SolutionGuid = {D736F7C2-4EAD-4C41-BEE9-26CCEC1A4093}
	EndGlobalSection
EndGlobal
