
Microsoft Visual Studio Solution File, Format Version 12.00
# Visual Studio Version 17
VisualStudioVersion = 17.3.32922.545
MinimumVisualStudioVersion = 10.0.40219.1
Project("{FAE04EC0-301F-11D3-BF4B-00C04F79EFBC}") = "Liskov substitution principle", "Liskov substitution principle\Liskov substitution principle.csproj", "{C279ED82-8F0D-433D-B7FD-30FF14FF2889}"
EndProject
Global
	GlobalSection(SolutionConfigurationPlatforms) = preSolution
		Debug|Any CPU = Debug|Any CPU
		Release|Any CPU = Release|Any CPU
	EndGlobalSection
	GlobalSection(ProjectConfigurationPlatforms) = postSolution
		{C279ED82-8F0D-433D-B7FD-30FF14FF2889}.Debug|Any CPU.ActiveCfg = Debug|Any CPU
		{C279ED82-8F0D-433D-B7FD-30FF14FF2889}.Debug|Any CPU.Build.0 = Debug|Any CPU
		{C279ED82-8F0D-433D-B7FD-30FF14FF2889}.Release|Any CPU.ActiveCfg = Release|Any CPU
		{C279ED82-8F0D-433D-B7FD-30FF14FF2889}.Release|Any CPU.Build.0 = Release|Any CPU
	EndGlobalSection
	GlobalSection(SolutionProperties) = preSolution
		HideSolutionNode = FALSE
	EndGlobalSection
	GlobalSection(ExtensibilityGlobals) = postSolution
		SolutionGuid = {560504A9-97F8-4B44-B89B-F70F88213D49}
	EndGlobalSection
EndGlobal
