
Microsoft Visual Studio Solution File, Format Version 12.00
# Visual Studio Version 17
VisualStudioVersion = 17.3.32922.545
MinimumVisualStudioVersion = 10.0.40219.1
Project("{9A19103F-16F7-4668-BE54-9A1E7A4F7556}") = "Inheritance", "Inheritance\Inheritance.csproj", "{AE9C671A-8550-413D-BB71-C57241A220D2}"
EndProject
Project("{FAE04EC0-301F-11D3-BF4B-00C04F79EFBC}") = "Composition", "Composition\Composition.csproj", "{021C5B1D-12B2-4F6A-8709-7107994E2677}"
EndProject
Global
	GlobalSection(SolutionConfigurationPlatforms) = preSolution
		Debug|Any CPU = Debug|Any CPU
		Release|Any CPU = Release|Any CPU
	EndGlobalSection
	GlobalSection(ProjectConfigurationPlatforms) = postSolution
		{AE9C671A-8550-413D-BB71-C57241A220D2}.Debug|Any CPU.ActiveCfg = Debug|Any CPU
		{AE9C671A-8550-413D-BB71-C57241A220D2}.Debug|Any CPU.Build.0 = Debug|Any CPU
		{AE9C671A-8550-413D-BB71-C57241A220D2}.Release|Any CPU.ActiveCfg = Release|Any CPU
		{AE9C671A-8550-413D-BB71-C57241A220D2}.Release|Any CPU.Build.0 = Release|Any CPU
		{021C5B1D-12B2-4F6A-8709-7107994E2677}.Debug|Any CPU.ActiveCfg = Debug|Any CPU
		{021C5B1D-12B2-4F6A-8709-7107994E2677}.Debug|Any CPU.Build.0 = Debug|Any CPU
		{021C5B1D-12B2-4F6A-8709-7107994E2677}.Release|Any CPU.ActiveCfg = Release|Any CPU
		{021C5B1D-12B2-4F6A-8709-7107994E2677}.Release|Any CPU.Build.0 = Release|Any CPU
	EndGlobalSection
	GlobalSection(SolutionProperties) = preSolution
		HideSolutionNode = FALSE
	EndGlobalSection
	GlobalSection(ExtensibilityGlobals) = postSolution
		SolutionGuid = {25553453-4F72-4B3B-9085-4444FFA7B36F}
	EndGlobalSection
EndGlobal
