
Microsoft Visual Studio Solution File, Format Version 12.00
# Visual Studio Version 17
VisualStudioVersion = 17.3.32922.545
MinimumVisualStudioVersion = 10.0.40219.1
Project("{FAE04EC0-301F-11D3-BF4B-00C04F79EFBC}") = "Loose Coupling", "Loose Coupling\Loose Coupling.csproj", "{5EE61BC6-88FC-42C7-B0D9-3D37E1EE8031}"
EndProject
Global
	GlobalSection(SolutionConfigurationPlatforms) = preSolution
		Debug|Any CPU = Debug|Any CPU
		Release|Any CPU = Release|Any CPU
	EndGlobalSection
	GlobalSection(ProjectConfigurationPlatforms) = postSolution
		{5EE61BC6-88FC-42C7-B0D9-3D37E1EE8031}.Debug|Any CPU.ActiveCfg = Debug|Any CPU
		{5EE61BC6-88FC-42C7-B0D9-3D37E1EE8031}.Debug|Any CPU.Build.0 = Debug|Any CPU
		{5EE61BC6-88FC-42C7-B0D9-3D37E1EE8031}.Release|Any CPU.ActiveCfg = Release|Any CPU
		{5EE61BC6-88FC-42C7-B0D9-3D37E1EE8031}.Release|Any CPU.Build.0 = Release|Any CPU
	EndGlobalSection
	GlobalSection(SolutionProperties) = preSolution
		HideSolutionNode = FALSE
	EndGlobalSection
	GlobalSection(ExtensibilityGlobals) = postSolution
		SolutionGuid = {B92E0923-F358-411C-92DC-79FA116D5F3F}
	EndGlobalSection
EndGlobal
